
Microsoft Visual Studio Solution File, Format Version 12.00
# Visual Studio Version 17
VisualStudioVersion = 17.8.34330.188
MinimumVisualStudioVersion = 10.0.40219.1
Project("{888888A0-9F3D-457C-B088-3A5042F75D52}") = "geotechTools", "geotechTools.pyproj", "{EB9DED8E-4C6D-456D-9A30-E23E7F791317}"
EndProject
Global
	GlobalSection(SolutionConfigurationPlatforms) = preSolution
		Debug|Any CPU = Debug|Any CPU
		Release|Any CPU = Release|Any CPU
	EndGlobalSection
	GlobalSection(ProjectConfigurationPlatforms) = postSolution
		{EB9DED8E-4C6D-456D-9A30-E23E7F791317}.Debug|Any CPU.ActiveCfg = Debug|Any CPU
		{EB9DED8E-4C6D-456D-9A30-E23E7F791317}.Release|Any CPU.ActiveCfg = Release|Any CPU
	EndGlobalSection
	GlobalSection(SolutionProperties) = preSolution
		HideSolutionNode = FALSE
	EndGlobalSection
	GlobalSection(ExtensibilityGlobals) = postSolution
		SolutionGuid = {1E4D70B9-FCF3-4E21-B5D2-765B55CD7EA0}
	EndGlobalSection
EndGlobal
